
Microsoft Visual Studio Solution File, Format Version 12.00
# Visual Studio 14
VisualStudioVersion = 14.0.25420.1
MinimumVisualStudioVersion = 10.0.40219.1
Project("{FAE04EC0-301F-11D3-BF4B-00C04F79EFBC}") = "SaveTheCake", "SaveTheCake\SaveTheCake\SaveTheCake.csproj", "{21357DA5-FC51-4D95-94ED-79707382F7D0}"
EndProject
Project("{96E2B04D-8817-42C6-938A-82C39BA4D311}") = "SaveTheCakeContent", "SaveTheCake\SaveTheCakeContent\SaveTheCakeContent.contentproj", "{5DE922E3-57FE-4EA6-B1BB-C1BB6E370849}"
EndProject
Global
	GlobalSection(SolutionConfigurationPlatforms) = preSolution
		Debug|x86 = Debug|x86
		Release|x86 = Release|x86
	EndGlobalSection
	GlobalSection(ProjectConfigurationPlatforms) = postSolution
		{21357DA5-FC51-4D95-94ED-79707382F7D0}.Debug|x86.ActiveCfg = Debug|x86
		{21357DA5-FC51-4D95-94ED-79707382F7D0}.Debug|x86.Build.0 = Debug|x86
		{21357DA5-FC51-4D95-94ED-79707382F7D0}.Release|x86.ActiveCfg = Release|x86
		{21357DA5-FC51-4D95-94ED-79707382F7D0}.Release|x86.Build.0 = Release|x86
		{5DE922E3-57FE-4EA6-B1BB-C1BB6E370849}.Debug|x86.ActiveCfg = Debug|x86
		{5DE922E3-57FE-4EA6-B1BB-C1BB6E370849}.Release|x86.ActiveCfg = Release|x86
	EndGlobalSection
	GlobalSection(SolutionProperties) = preSolution
		HideSolutionNode = FALSE
	EndGlobalSection
EndGlobal
